// !$*UTF8*$!
{
	archiveVersion = 1;
	classes = {
	};
	objectVersion = 54;
	objects = {

/* Begin PBXBuildFile section */
		2FAD9763203C412B000D30F8 /* config.xml in Resources */ = {isa = PBXBuildFile; fileRef = 2FAD9762203C412B000D30F8 /* config.xml */; };
		50379B232058CBB4000EE86E /* capacitor.config.json in Resources */ = {isa = PBXBuildFile; fileRef = 50379B222058CBB4000EE86E /* capacitor.config.json */; };
		504EC3081FED79650016851F /* AppDelegate.swift in Sources */ = {isa = PBXBuildFile; fileRef = 504EC3071FED79650016851F /* AppDelegate.swift */; };
		504EC30D1FED79650016851F /* Main.storyboard in Resources */ = {isa = PBXBuildFile; fileRef = 504EC30B1FED79650016851F /* Main.storyboard */; };
		504EC30F1FED79650016851F /* Assets.xcassets in Resources */ = {isa = PBXBuildFile; fileRef = 504EC30E1FED79650016851F /* Assets.xcassets */; };
		504EC3121FED79650016851F /* LaunchScreen.storyboard in Resources */ = {isa = PBXBuildFile; fileRef = 504EC3101FED79650016851F /* LaunchScreen.storyboard */; };
		50B271D11FEDC1A000F3C39B /* public in Resources */ = {isa = PBXBuildFile; fileRef = 50B271D01FEDC1A000F3C39B /* public */; };
		A084ECDBA7D38E1E42DFC39D /* Pods_App.framework in Frameworks */ = {isa = PBXBuildFile; fileRef = AF277DCFFFF123FFC6DF26C7 /* Pods_App.framework */; };
		FB3421392AF2C793000C5F5E /* FirebaseAnalytics in Frameworks */ = {isa = PBXBuildFile; productRef = FB3421382AF2C793000C5F5E /* FirebaseAnalytics */; };
		FB34213B2AF2C793000C5F5E /* FirebaseAnalyticsOnDeviceConversion in Frameworks */ = {isa = PBXBuildFile; productRef = FB34213A2AF2C793000C5F5E /* FirebaseAnalyticsOnDeviceConversion */; };
		FB34213D2AF2C793000C5F5E /* FirebaseAnalyticsSwift in Frameworks */ = {isa = PBXBuildFile; productRef = FB34213C2AF2C793000C5F5E /* FirebaseAnalyticsSwift */; };
		FB34213F2AF2C793000C5F5E /* FirebaseAnalyticsWithoutAdIdSupport in Frameworks */ = {isa = PBXBuildFile; productRef = FB34213E2AF2C793000C5F5E /* FirebaseAnalyticsWithoutAdIdSupport */; };
		FB3421412AF2C793000C5F5E /* FirebaseAppCheck in Frameworks */ = {isa = PBXBuildFile; productRef = FB3421402AF2C793000C5F5E /* FirebaseAppCheck */; };
		FB3421432AF2C793000C5F5E /* FirebaseAppDistribution-Beta in Frameworks */ = {isa = PBXBuildFile; productRef = FB3421422AF2C793000C5F5E /* FirebaseAppDistribution-Beta */; };
		FB3421452AF2C793000C5F5E /* FirebaseAuth in Frameworks */ = {isa = PBXBuildFile; productRef = FB3421442AF2C793000C5F5E /* FirebaseAuth */; };
		FB3421472AF2C793000C5F5E /* FirebaseAuthCombine-Community in Frameworks */ = {isa = PBXBuildFile; productRef = FB3421462AF2C793000C5F5E /* FirebaseAuthCombine-Community */; };
		FB3421492AF2C793000C5F5E /* FirebaseCrashlytics in Frameworks */ = {isa = PBXBuildFile; productRef = FB3421482AF2C793000C5F5E /* FirebaseCrashlytics */; };
		FB34214B2AF2C793000C5F5E /* FirebaseDatabase in Frameworks */ = {isa = PBXBuildFile; productRef = FB34214A2AF2C793000C5F5E /* FirebaseDatabase */; };
		FB34214D2AF2C793000C5F5E /* FirebaseDatabaseSwift in Frameworks */ = {isa = PBXBuildFile; productRef = FB34214C2AF2C793000C5F5E /* FirebaseDatabaseSwift */; };
		FB34214F2AF2C793000C5F5E /* FirebaseDynamicLinks in Frameworks */ = {isa = PBXBuildFile; productRef = FB34214E2AF2C793000C5F5E /* FirebaseDynamicLinks */; };
		FB3421512AF2C793000C5F5E /* FirebaseFirestore in Frameworks */ = {isa = PBXBuildFile; productRef = FB3421502AF2C793000C5F5E /* FirebaseFirestore */; };
		FB3421532AF2C793000C5F5E /* FirebaseFirestoreCombine-Community in Frameworks */ = {isa = PBXBuildFile; productRef = FB3421522AF2C793000C5F5E /* FirebaseFirestoreCombine-Community */; };
		FB3421552AF2C793000C5F5E /* FirebaseFirestoreSwift in Frameworks */ = {isa = PBXBuildFile; productRef = FB3421542AF2C793000C5F5E /* FirebaseFirestoreSwift */; };
		FB3421572AF2C793000C5F5E /* FirebaseFunctions in Frameworks */ = {isa = PBXBuildFile; productRef = FB3421562AF2C793000C5F5E /* FirebaseFunctions */; };
		FB3421592AF2C793000C5F5E /* FirebaseFunctionsCombine-Community in Frameworks */ = {isa = PBXBuildFile; productRef = FB3421582AF2C793000C5F5E /* FirebaseFunctionsCombine-Community */; };
		FB34215B2AF2C793000C5F5E /* FirebaseInAppMessaging-Beta in Frameworks */ = {isa = PBXBuildFile; productRef = FB34215A2AF2C793000C5F5E /* FirebaseInAppMessaging-Beta */; };
		FB34215D2AF2C793000C5F5E /* FirebaseInAppMessagingSwift-Beta in Frameworks */ = {isa = PBXBuildFile; productRef = FB34215C2AF2C793000C5F5E /* FirebaseInAppMessagingSwift-Beta */; };
		FB34215F2AF2C793000C5F5E /* FirebaseInstallations in Frameworks */ = {isa = PBXBuildFile; productRef = FB34215E2AF2C793000C5F5E /* FirebaseInstallations */; };
		FB3421612AF2C793000C5F5E /* FirebaseMLModelDownloader in Frameworks */ = {isa = PBXBuildFile; productRef = FB3421602AF2C793000C5F5E /* FirebaseMLModelDownloader */; };
		FB3421632AF2C793000C5F5E /* FirebaseMessaging in Frameworks */ = {isa = PBXBuildFile; productRef = FB3421622AF2C793000C5F5E /* FirebaseMessaging */; };
		FB3421652AF2C793000C5F5E /* FirebasePerformance in Frameworks */ = {isa = PBXBuildFile; productRef = FB3421642AF2C793000C5F5E /* FirebasePerformance */; };
		FB3421672AF2C793000C5F5E /* FirebaseRemoteConfig in Frameworks */ = {isa = PBXBuildFile; productRef = FB3421662AF2C793000C5F5E /* FirebaseRemoteConfig */; };
		FB3421692AF2C793000C5F5E /* FirebaseRemoteConfigSwift in Frameworks */ = {isa = PBXBuildFile; productRef = FB3421682AF2C793000C5F5E /* FirebaseRemoteConfigSwift */; };
		FB34216B2AF2C793000C5F5E /* FirebaseStorage in Frameworks */ = {isa = PBXBuildFile; productRef = FB34216A2AF2C793000C5F5E /* FirebaseStorage */; };
		FB34216D2AF2C793000C5F5E /* FirebaseStorageCombine-Community in Frameworks */ = {isa = PBXBuildFile; productRef = FB34216C2AF2C793000C5F5E /* FirebaseStorageCombine-Community */; };
/* End PBXBuildFile section */

/* Begin PBXFileReference section */
		2FAD9762203C412B000D30F8 /* config.xml */ = {isa = PBXFileReference; lastKnownFileType = text.xml; path = config.xml; sourceTree = "<group>"; };
		50379B222058CBB4000EE86E /* capacitor.config.json */ = {isa = PBXFileReference; fileEncoding = 4; lastKnownFileType = text.json; path = capacitor.config.json; sourceTree = "<group>"; };
		504EC3041FED79650016851F /* App.app */ = {isa = PBXFileReference; explicitFileType = wrapper.application; includeInIndex = 0; path = App.app; sourceTree = BUILT_PRODUCTS_DIR; };
		504EC3071FED79650016851F /* AppDelegate.swift */ = {isa = PBXFileReference; lastKnownFileType = sourcecode.swift; path = AppDelegate.swift; sourceTree = "<group>"; };
		504EC30C1FED79650016851F /* Base */ = {isa = PBXFileReference; lastKnownFileType = file.storyboard; name = Base; path = Base.lproj/Main.storyboard; sourceTree = "<group>"; };
		504EC30E1FED79650016851F /* Assets.xcassets */ = {isa = PBXFileReference; lastKnownFileType = folder.assetcatalog; path = Assets.xcassets; sourceTree = "<group>"; };
		504EC3111FED79650016851F /* Base */ = {isa = PBXFileReference; lastKnownFileType = file.storyboard; name = Base; path = Base.lproj/LaunchScreen.storyboard; sourceTree = "<group>"; };
		504EC3131FED79650016851F /* Info.plist */ = {isa = PBXFileReference; lastKnownFileType = text.plist.xml; path = Info.plist; sourceTree = "<group>"; };
		50B271D01FEDC1A000F3C39B /* public */ = {isa = PBXFileReference; lastKnownFileType = folder; path = public; sourceTree = "<group>"; };
		AF277DCFFFF123FFC6DF26C7 /* Pods_App.framework */ = {isa = PBXFileReference; explicitFileType = wrapper.framework; includeInIndex = 0; path = Pods_App.framework; sourceTree = BUILT_PRODUCTS_DIR; };
		AF51FD2D460BCFE21FA515B2 /* Pods-App.release.xcconfig */ = {isa = PBXFileReference; includeInIndex = 1; lastKnownFileType = text.xcconfig; name = "Pods-App.release.xcconfig"; path = "Pods/Target Support Files/Pods-App/Pods-App.release.xcconfig"; sourceTree = "<group>"; };
		FB34216E2AF2D13F000C5F5E /* App.entitlements */ = {isa = PBXFileReference; lastKnownFileType = text.plist.entitlements; path = App.entitlements; sourceTree = "<group>"; };
		FC68EB0AF532CFC21C3344DD /* Pods-App.debug.xcconfig */ = {isa = PBXFileReference; includeInIndex = 1; lastKnownFileType = text.xcconfig; name = "Pods-App.debug.xcconfig"; path = "Pods/Target Support Files/Pods-App/Pods-App.debug.xcconfig"; sourceTree = "<group>"; };
/* End PBXFileReference section */

/* Begin PBXFrameworksBuildPhase section */
		504EC3011FED79650016851F /* Frameworks */ = {
			isa = PBXFrameworksBuildPhase;
			buildActionMask = 2147483647;
			files = (
				FB3421572AF2C793000C5F5E /* FirebaseFunctions in Frameworks */,
				FB34214D2AF2C793000C5F5E /* FirebaseDatabaseSwift in Frameworks */,
				FB34215D2AF2C793000C5F5E /* FirebaseInAppMessagingSwift-Beta in Frameworks */,
				FB3421632AF2C793000C5F5E /* FirebaseMessaging in Frameworks */,
				FB3421432AF2C793000C5F5E /* FirebaseAppDistribution-Beta in Frameworks */,
				FB3421472AF2C793000C5F5E /* FirebaseAuthCombine-Community in Frameworks */,
				FB3421532AF2C793000C5F5E /* FirebaseFirestoreCombine-Community in Frameworks */,
				FB34213D2AF2C793000C5F5E /* FirebaseAnalyticsSwift in Frameworks */,
				FB3421612AF2C793000C5F5E /* FirebaseMLModelDownloader in Frameworks */,
				FB34213F2AF2C793000C5F5E /* FirebaseAnalyticsWithoutAdIdSupport in Frameworks */,
				FB3421392AF2C793000C5F5E /* FirebaseAnalytics in Frameworks */,
				FB3421552AF2C793000C5F5E /* FirebaseFirestoreSwift in Frameworks */,
				FB34213B2AF2C793000C5F5E /* FirebaseAnalyticsOnDeviceConversion in Frameworks */,
				FB3421412AF2C793000C5F5E /* FirebaseAppCheck in Frameworks */,
				FB3421652AF2C793000C5F5E /* FirebasePerformance in Frameworks */,
				FB34215B2AF2C793000C5F5E /* FirebaseInAppMessaging-Beta in Frameworks */,
				FB3421592AF2C793000C5F5E /* FirebaseFunctionsCombine-Community in Frameworks */,
				FB3421492AF2C793000C5F5E /* FirebaseCrashlytics in Frameworks */,
				FB34215F2AF2C793000C5F5E /* FirebaseInstallations in Frameworks */,
				FB3421672AF2C793000C5F5E /* FirebaseRemoteConfig in Frameworks */,
				FB34216B2AF2C793000C5F5E /* FirebaseStorage in Frameworks */,
				FB34214B2AF2C793000C5F5E /* FirebaseDatabase in Frameworks */,
				FB34216D2AF2C793000C5F5E /* FirebaseStorageCombine-Community in Frameworks */,
				A084ECDBA7D38E1E42DFC39D /* Pods_App.framework in Frameworks */,
				FB3421452AF2C793000C5F5E /* FirebaseAuth in Frameworks */,
				FB34214F2AF2C793000C5F5E /* FirebaseDynamicLinks in Frameworks */,
				FB3421512AF2C793000C5F5E /* FirebaseFirestore in Frameworks */,
				FB3421692AF2C793000C5F5E /* FirebaseRemoteConfigSwift in Frameworks */,
			);
			runOnlyForDeploymentPostprocessing = 0;
		};
/* End PBXFrameworksBuildPhase section */

/* Begin PBXGroup section */
		27E2DDA53C4D2A4D1A88CE4A /* Frameworks */ = {
			isa = PBXGroup;
			children = (
				AF277DCFFFF123FFC6DF26C7 /* Pods_App.framework */,
			);
			name = Frameworks;
			sourceTree = "<group>";
		};
		504EC2FB1FED79650016851F = {
			isa = PBXGroup;
			children = (
				504EC3061FED79650016851F /* App */,
				504EC3051FED79650016851F /* Products */,
				7F8756D8B27F46E3366F6CEA /* Pods */,
				27E2DDA53C4D2A4D1A88CE4A /* Frameworks */,
			);
			sourceTree = "<group>";
		};
		504EC3051FED79650016851F /* Products */ = {
			isa = PBXGroup;
			children = (
				504EC3041FED79650016851F /* App.app */,
			);
			name = Products;
			sourceTree = "<group>";
		};
		504EC3061FED79650016851F /* App */ = {
			isa = PBXGroup;
			children = (
				FB34216E2AF2D13F000C5F5E /* App.entitlements */,
				50379B222058CBB4000EE86E /* capacitor.config.json */,
				504EC3071FED79650016851F /* AppDelegate.swift */,
				504EC30B1FED79650016851F /* Main.storyboard */,
				504EC30E1FED79650016851F /* Assets.xcassets */,
				504EC3101FED79650016851F /* LaunchScreen.storyboard */,
				504EC3131FED79650016851F /* Info.plist */,
				2FAD9762203C412B000D30F8 /* config.xml */,
				50B271D01FEDC1A000F3C39B /* public */,
			);
			path = App;
			sourceTree = "<group>";
		};
		7F8756D8B27F46E3366F6CEA /* Pods */ = {
			isa = PBXGroup;
			children = (
				FC68EB0AF532CFC21C3344DD /* Pods-App.debug.xcconfig */,
				AF51FD2D460BCFE21FA515B2 /* Pods-App.release.xcconfig */,
			);
			name = Pods;
			sourceTree = "<group>";
		};
/* End PBXGroup section */

/* Begin PBXNativeTarget section */
		504EC3031FED79650016851F /* App */ = {
			isa = PBXNativeTarget;
			buildConfigurationList = 504EC3161FED79650016851F /* Build configuration list for PBXNativeTarget "App" */;
			buildPhases = (
				6634F4EFEBD30273BCE97C65 /* [CP] Check Pods Manifest.lock */,
				504EC3001FED79650016851F /* Sources */,
				504EC3011FED79650016851F /* Frameworks */,
				504EC3021FED79650016851F /* Resources */,
				9592DBEFFC6D2A0C8D5DEB22 /* [CP] Embed Pods Frameworks */,
			);
			buildRules = (
			);
			dependencies = (
			);
			name = App;
			packageProductDependencies = (
				FB3421382AF2C793000C5F5E /* FirebaseAnalytics */,
				FB34213A2AF2C793000C5F5E /* FirebaseAnalyticsOnDeviceConversion */,
				FB34213C2AF2C793000C5F5E /* FirebaseAnalyticsSwift */,
				FB34213E2AF2C793000C5F5E /* FirebaseAnalyticsWithoutAdIdSupport */,
				FB3421402AF2C793000C5F5E /* FirebaseAppCheck */,
				FB3421422AF2C793000C5F5E /* FirebaseAppDistribution-Beta */,
				FB3421442AF2C793000C5F5E /* FirebaseAuth */,
				FB3421462AF2C793000C5F5E /* FirebaseAuthCombine-Community */,
				FB3421482AF2C793000C5F5E /* FirebaseCrashlytics */,
				FB34214A2AF2C793000C5F5E /* FirebaseDatabase */,
				FB34214C2AF2C793000C5F5E /* FirebaseDatabaseSwift */,
				FB34214E2AF2C793000C5F5E /* FirebaseDynamicLinks */,
				FB3421502AF2C793000C5F5E /* FirebaseFirestore */,
				FB3421522AF2C793000C5F5E /* FirebaseFirestoreCombine-Community */,
				FB3421542AF2C793000C5F5E /* FirebaseFirestoreSwift */,
				FB3421562AF2C793000C5F5E /* FirebaseFunctions */,
				FB3421582AF2C793000C5F5E /* FirebaseFunctionsCombine-Community */,
				FB34215A2AF2C793000C5F5E /* FirebaseInAppMessaging-Beta */,
				FB34215C2AF2C793000C5F5E /* FirebaseInAppMessagingSwift-Beta */,
				FB34215E2AF2C793000C5F5E /* FirebaseInstallations */,
				FB3421602AF2C793000C5F5E /* FirebaseMLModelDownloader */,
				FB3421622AF2C793000C5F5E /* FirebaseMessaging */,
				FB3421642AF2C793000C5F5E /* FirebasePerformance */,
				FB3421662AF2C793000C5F5E /* FirebaseRemoteConfig */,
				FB3421682AF2C793000C5F5E /* FirebaseRemoteConfigSwift */,
				FB34216A2AF2C793000C5F5E /* FirebaseStorage */,
				FB34216C2AF2C793000C5F5E /* FirebaseStorageCombine-Community */,
			);
			productName = App;
			productReference = 504EC3041FED79650016851F /* App.app */;
			productType = "com.apple.product-type.application";
		};
/* End PBXNativeTarget section */

/* Begin PBXProject section */
		504EC2FC1FED79650016851F /* Project object */ = {
			isa = PBXProject;
			attributes = {
				KnownAssetTags = (
					New,
				);
				LastSwiftUpdateCheck = 920;
				LastUpgradeCheck = 920;
				TargetAttributes = {
					504EC3031FED79650016851F = {
						CreatedOnToolsVersion = 9.2;
						LastSwiftMigration = 1100;
					};
				};
			};
			buildConfigurationList = 504EC2FF1FED79650016851F /* Build configuration list for PBXProject "App" */;
			compatibilityVersion = "Xcode 8.0";
			developmentRegion = en;
			hasScannedForEncodings = 0;
			knownRegions = (
				en,
				Base,
			);
			mainGroup = 504EC2FB1FED79650016851F;
			packageReferences = (
				FB3421372AF2C793000C5F5E /* XCRemoteSwiftPackageReference "firebase-ios-sdk" */,
			);
			productRefGroup = 504EC3051FED79650016851F /* Products */;
			projectDirPath = "";
			projectRoot = "";
			targets = (
				504EC3031FED79650016851F /* App */,
			);
		};
/* End PBXProject section */

/* Begin PBXResourcesBuildPhase section */
		504EC3021FED79650016851F /* Resources */ = {
			isa = PBXResourcesBuildPhase;
			buildActionMask = 2147483647;
			files = (
				504EC3121FED79650016851F /* LaunchScreen.storyboard in Resources */,
				50B271D11FEDC1A000F3C39B /* public in Resources */,
				504EC30F1FED79650016851F /* Assets.xcassets in Resources */,
				50379B232058CBB4000EE86E /* capacitor.config.json in Resources */,
				504EC30D1FED79650016851F /* Main.storyboard in Resources */,
				2FAD9763203C412B000D30F8 /* config.xml in Resources */,
			);
			runOnlyForDeploymentPostprocessing = 0;
		};
/* End PBXResourcesBuildPhase section */

/* Begin PBXShellScriptBuildPhase section */
		6634F4EFEBD30273BCE97C65 /* [CP] Check Pods Manifest.lock */ = {
			isa = PBXShellScriptBuildPhase;
			buildActionMask = 2147483647;
			files = (
			);
			inputPaths = (
				"${PODS_PODFILE_DIR_PATH}/Podfile.lock",
				"${PODS_ROOT}/Manifest.lock",
			);
			name = "[CP] Check Pods Manifest.lock";
			outputPaths = (
				"$(DERIVED_FILE_DIR)/Pods-App-checkManifestLockResult.txt",
			);
			runOnlyForDeploymentPostprocessing = 0;
			shellPath = /bin/sh;
			shellScript = "diff \"${PODS_PODFILE_DIR_PATH}/Podfile.lock\" \"${PODS_ROOT}/Manifest.lock\" > /dev/null\nif [ $? != 0 ] ; then\n    # print error to STDERR\n    echo \"error: The sandbox is not in sync with the Podfile.lock. Run 'pod install' or update your CocoaPods installation.\" >&2\n    exit 1\nfi\n# This output is used by Xcode 'outputs' to avoid re-running this script phase.\necho \"SUCCESS\" > \"${SCRIPT_OUTPUT_FILE_0}\"\n";
			showEnvVarsInLog = 0;
		};
		9592DBEFFC6D2A0C8D5DEB22 /* [CP] Embed Pods Frameworks */ = {
			isa = PBXShellScriptBuildPhase;
			buildActionMask = 2147483647;
			files = (
			);
			inputPaths = (
			);
			name = "[CP] Embed Pods Frameworks";
			outputPaths = (
			);
			runOnlyForDeploymentPostprocessing = 0;
			shellPath = /bin/sh;
			shellScript = "\"${PODS_ROOT}/Target Support Files/Pods-App/Pods-App-frameworks.sh\"\n";
			showEnvVarsInLog = 0;
		};
/* End PBXShellScriptBuildPhase section */

/* Begin PBXSourcesBuildPhase section */
		504EC3001FED79650016851F /* Sources */ = {
			isa = PBXSourcesBuildPhase;
			buildActionMask = 2147483647;
			files = (
				504EC3081FED79650016851F /* AppDelegate.swift in Sources */,
			);
			runOnlyForDeploymentPostprocessing = 0;
		};
/* End PBXSourcesBuildPhase section */

/* Begin PBXVariantGroup section */
		504EC30B1FED79650016851F /* Main.storyboard */ = {
			isa = PBXVariantGroup;
			children = (
				504EC30C1FED79650016851F /* Base */,
			);
			name = Main.storyboard;
			sourceTree = "<group>";
		};
		504EC3101FED79650016851F /* LaunchScreen.storyboard */ = {
			isa = PBXVariantGroup;
			children = (
				504EC3111FED79650016851F /* Base */,
			);
			name = LaunchScreen.storyboard;
			sourceTree = "<group>";
		};
/* End PBXVariantGroup section */

/* Begin XCBuildConfiguration section */
		504EC3141FED79650016851F /* Debug */ = {
			isa = XCBuildConfiguration;
			buildSettings = {
				ALWAYS_SEARCH_USER_PATHS = NO;
				CLANG_ANALYZER_NONNULL = YES;
				CLANG_ANALYZER_NUMBER_OBJECT_CONVERSION = YES_AGGRESSIVE;
				CLANG_CXX_LANGUAGE_STANDARD = "gnu++14";
				CLANG_CXX_LIBRARY = "libc++";
				CLANG_ENABLE_MODULES = YES;
				CLANG_ENABLE_OBJC_ARC = YES;
				CLANG_WARN_BLOCK_CAPTURE_AUTORELEASING = YES;
				CLANG_WARN_BOOL_CONVERSION = YES;
				CLANG_WARN_COMMA = YES;
				CLANG_WARN_CONSTANT_CONVERSION = YES;
				CLANG_WARN_DIRECT_OBJC_ISA_USAGE = YES_ERROR;
				CLANG_WARN_DOCUMENTATION_COMMENTS = YES;
				CLANG_WARN_EMPTY_BODY = YES;
				CLANG_WARN_ENUM_CONVERSION = YES;
				CLANG_WARN_INFINITE_RECURSION = YES;
				CLANG_WARN_INT_CONVERSION = YES;
				CLANG_WARN_NON_LITERAL_NULL_CONVERSION = YES;
				CLANG_WARN_OBJC_LITERAL_CONVERSION = YES;
				CLANG_WARN_OBJC_ROOT_CLASS = YES_ERROR;
				CLANG_WARN_RANGE_LOOP_ANALYSIS = YES;
				CLANG_WARN_STRICT_PROTOTYPES = YES;
				CLANG_WARN_SUSPICIOUS_MOVE = YES;
				CLANG_WARN_UNGUARDED_AVAILABILITY = YES_AGGRESSIVE;
				CLANG_WARN_UNREACHABLE_CODE = YES;
				CLANG_WARN__DUPLICATE_METHOD_MATCH = YES;
				CODE_SIGN_IDENTITY = "iPhone Developer";
				COPY_PHASE_STRIP = NO;
				DEBUG_INFORMATION_FORMAT = dwarf;
				ENABLE_STRICT_OBJC_MSGSEND = YES;
				ENABLE_TESTABILITY = YES;
				GCC_C_LANGUAGE_STANDARD = gnu11;
				GCC_DYNAMIC_NO_PIC = NO;
				GCC_NO_COMMON_BLOCKS = YES;
				GCC_OPTIMIZATION_LEVEL = 0;
				GCC_PREPROCESSOR_DEFINITIONS = (
					"DEBUG=1",
					"$(inherited)",
				);
				GCC_WARN_64_TO_32_BIT_CONVERSION = YES;
				GCC_WARN_ABOUT_RETURN_TYPE = YES_ERROR;
				GCC_WARN_UNDECLARED_SELECTOR = YES;
				GCC_WARN_UNINITIALIZED_AUTOS = YES_AGGRESSIVE;
				GCC_WARN_UNUSED_FUNCTION = YES;
				GCC_WARN_UNUSED_VARIABLE = YES;
				IPHONEOS_DEPLOYMENT_TARGET = 13.0;
				MTL_ENABLE_DEBUG_INFO = YES;
				ONLY_ACTIVE_ARCH = YES;
				SDKROOT = iphoneos;
				SWIFT_ACTIVE_COMPILATION_CONDITIONS = DEBUG;
				SWIFT_OPTIMIZATION_LEVEL = "-Onone";
			};
			name = Debug;
		};
		504EC3151FED79650016851F /* Release */ = {
			isa = XCBuildConfiguration;
			buildSettings = {
				ALWAYS_SEARCH_USER_PATHS = NO;
				CLANG_ANALYZER_NONNULL = YES;
				CLANG_ANALYZER_NUMBER_OBJECT_CONVERSION = YES_AGGRESSIVE;
				CLANG_CXX_LANGUAGE_STANDARD = "gnu++14";
				CLANG_CXX_LIBRARY = "libc++";
				CLANG_ENABLE_MODULES = YES;
				CLANG_ENABLE_OBJC_ARC = YES;
				CLANG_WARN_BLOCK_CAPTURE_AUTORELEASING = YES;
				CLANG_WARN_BOOL_CONVERSION = YES;
				CLANG_WARN_COMMA = YES;
				CLANG_WARN_CONSTANT_CONVERSION = YES;
				CLANG_WARN_DIRECT_OBJC_ISA_USAGE = YES_ERROR;
				CLANG_WARN_DOCUMENTATION_COMMENTS = YES;
				CLANG_WARN_EMPTY_BODY = YES;
				CLANG_WARN_ENUM_CONVERSION = YES;
				CLANG_WARN_INFINITE_RECURSION = YES;
				CLANG_WARN_INT_CONVERSION = YES;
				CLANG_WARN_NON_LITERAL_NULL_CONVERSION = YES;
				CLANG_WARN_OBJC_LITERAL_CONVERSION = YES;
				CLANG_WARN_OBJC_ROOT_CLASS = YES_ERROR;
				CLANG_WARN_RANGE_LOOP_ANALYSIS = YES;
				CLANG_WARN_STRICT_PROTOTYPES = YES;
				CLANG_WARN_SUSPICIOUS_MOVE = YES;
				CLANG_WARN_UNGUARDED_AVAILABILITY = YES_AGGRESSIVE;
				CLANG_WARN_UNREACHABLE_CODE = YES;
				CLANG_WARN__DUPLICATE_METHOD_MATCH = YES;
				CODE_SIGN_IDENTITY = "iPhone Developer";
				COPY_PHASE_STRIP = NO;
				DEBUG_INFORMATION_FORMAT = "dwarf-with-dsym";
				ENABLE_NS_ASSERTIONS = NO;
				ENABLE_STRICT_OBJC_MSGSEND = YES;
				GCC_C_LANGUAGE_STANDARD = gnu11;
				GCC_NO_COMMON_BLOCKS = YES;
				GCC_WARN_64_TO_32_BIT_CONVERSION = YES;
				GCC_WARN_ABOUT_RETURN_TYPE = YES_ERROR;
				GCC_WARN_UNDECLARED_SELECTOR = YES;
				GCC_WARN_UNINITIALIZED_AUTOS = YES_AGGRESSIVE;
				GCC_WARN_UNUSED_FUNCTION = YES;
				GCC_WARN_UNUSED_VARIABLE = YES;
				IPHONEOS_DEPLOYMENT_TARGET = 13.0;
				MTL_ENABLE_DEBUG_INFO = NO;
				SDKROOT = iphoneos;
				SWIFT_COMPILATION_MODE = wholemodule;
				SWIFT_OPTIMIZATION_LEVEL = "-O";
				VALIDATE_PRODUCT = YES;
			};
			name = Release;
		};
		504EC3171FED79650016851F /* Debug */ = {
			isa = XCBuildConfiguration;
			baseConfigurationReference = FC68EB0AF532CFC21C3344DD /* Pods-App.debug.xcconfig */;
			buildSettings = {
				ASSETCATALOG_COMPILER_APPICON_NAME = AppIcon;
				CODE_SIGN_ENTITLEMENTS = App/App.entitlements;
				CODE_SIGN_IDENTITY = "Apple Development";
				CODE_SIGN_STYLE = Automatic;
				CURRENT_PROJECT_VERSION = 1;
				DEVELOPMENT_TEAM = 8V928KP9QY;
				INFOPLIST_FILE = App/Info.plist;
				INFOPLIST_KEY_CFBundleDisplayName = Handling;
				INFOPLIST_KEY_LSApplicationCategoryType = "public.app-category.productivity";
				IPHONEOS_DEPLOYMENT_TARGET = 13.0;
				LD_RUNPATH_SEARCH_PATHS = (
					"$(inherited)",
					"@executable_path/Frameworks",
				);
				MARKETING_VERSION = 1.0;
				OTHER_SWIFT_FLAGS = "$(inherited) \"-D\" \"COCOAPODS\" \"-DDEBUG\"";
				PRODUCT_BUNDLE_IDENTIFIER = albertoescobar;
				PRODUCT_NAME = "$(TARGET_NAME)";
				PROVISIONING_PROFILE_SPECIFIER = "";
				SWIFT_ACTIVE_COMPILATION_CONDITIONS = DEBUG;
				SWIFT_VERSION = 5.0;
				TARGETED_DEVICE_FAMILY = "1,2";
			};
			name = Debug;
		};
		504EC3181FED79650016851F /* Release */ = {
			isa = XCBuildConfiguration;
			baseConfigurationReference = AF51FD2D460BCFE21FA515B2 /* Pods-App.release.xcconfig */;
			buildSettings = {
				ASSETCATALOG_COMPILER_APPICON_NAME = AppIcon;
				CODE_SIGN_ENTITLEMENTS = App/App.entitlements;
				CODE_SIGN_IDENTITY = "Apple Development";
				CODE_SIGN_STYLE = Automatic;
				CURRENT_PROJECT_VERSION = 1;
				DEVELOPMENT_TEAM = 8V928KP9QY;
				INFOPLIST_FILE = App/Info.plist;
				INFOPLIST_KEY_CFBundleDisplayName = Handling;
				INFOPLIST_KEY_LSApplicationCategoryType = "public.app-category.productivity";
				IPHONEOS_DEPLOYMENT_TARGET = 13.0;
				LD_RUNPATH_SEARCH_PATHS = (
					"$(inherited)",
					"@executable_path/Frameworks",
				);
				MARKETING_VERSION = 1.0;
				PRODUCT_BUNDLE_IDENTIFIER = albertoescobar;
				PRODUCT_NAME = "$(TARGET_NAME)";
				PROVISIONING_PROFILE_SPECIFIER = "";
				SWIFT_ACTIVE_COMPILATION_CONDITIONS = "";
				SWIFT_VERSION = 5.0;
				TARGETED_DEVICE_FAMILY = "1,2";
			};
			name = Release;
		};
/* End XCBuildConfiguration section */

/* Begin XCConfigurationList section */
		504EC2FF1FED79650016851F /* Build configuration list for PBXProject "App" */ = {
			isa = XCConfigurationList;
			buildConfigurations = (
				504EC3141FED79650016851F /* Debug */,
				504EC3151FED79650016851F /* Release */,
			);
			defaultConfigurationIsVisible = 0;
			defaultConfigurationName = Release;
		};
		504EC3161FED79650016851F /* Build configuration list for PBXNativeTarget "App" */ = {
			isa = XCConfigurationList;
			buildConfigurations = (
				504EC3171FED79650016851F /* Debug */,
				504EC3181FED79650016851F /* Release */,
			);
			defaultConfigurationIsVisible = 0;
			defaultConfigurationName = Release;
		};
/* End XCConfigurationList section */

/* Begin XCRemoteSwiftPackageReference section */
		FB3421372AF2C793000C5F5E /* XCRemoteSwiftPackageReference "firebase-ios-sdk" */ = {
			isa = XCRemoteSwiftPackageReference;
			repositoryURL = "https://github.com/firebase/firebase-ios-sdk";
			requirement = {
				kind = upToNextMajorVersion;
				minimumVersion = 10.17.0;
			};
		};
/* End XCRemoteSwiftPackageReference section */

/* Begin XCSwiftPackageProductDependency section */
		FB3421382AF2C793000C5F5E /* FirebaseAnalytics */ = {
			isa = XCSwiftPackageProductDependency;
			package = FB3421372AF2C793000C5F5E /* XCRemoteSwiftPackageReference "firebase-ios-sdk" */;
			productName = FirebaseAnalytics;
		};
		FB34213A2AF2C793000C5F5E /* FirebaseAnalyticsOnDeviceConversion */ = {
			isa = XCSwiftPackageProductDependency;
			package = FB3421372AF2C793000C5F5E /* XCRemoteSwiftPackageReference "firebase-ios-sdk" */;
			productName = FirebaseAnalyticsOnDeviceConversion;
		};
		FB34213C2AF2C793000C5F5E /* FirebaseAnalyticsSwift */ = {
			isa = XCSwiftPackageProductDependency;
			package = FB3421372AF2C793000C5F5E /* XCRemoteSwiftPackageReference "firebase-ios-sdk" */;
			productName = FirebaseAnalyticsSwift;
		};
		FB34213E2AF2C793000C5F5E /* FirebaseAnalyticsWithoutAdIdSupport */ = {
			isa = XCSwiftPackageProductDependency;
			package = FB3421372AF2C793000C5F5E /* XCRemoteSwiftPackageReference "firebase-ios-sdk" */;
			productName = FirebaseAnalyticsWithoutAdIdSupport;
		};
		FB3421402AF2C793000C5F5E /* FirebaseAppCheck */ = {
			isa = XCSwiftPackageProductDependency;
			package = FB3421372AF2C793000C5F5E /* XCRemoteSwiftPackageReference "firebase-ios-sdk" */;
			productName = FirebaseAppCheck;
		};
		FB3421422AF2C793000C5F5E /* FirebaseAppDistribution-Beta */ = {
			isa = XCSwiftPackageProductDependency;
			package = FB3421372AF2C793000C5F5E /* XCRemoteSwiftPackageReference "firebase-ios-sdk" */;
			productName = "FirebaseAppDistribution-Beta";
		};
		FB3421442AF2C793000C5F5E /* FirebaseAuth */ = {
			isa = XCSwiftPackageProductDependency;
			package = FB3421372AF2C793000C5F5E /* XCRemoteSwiftPackageReference "firebase-ios-sdk" */;
			productName = FirebaseAuth;
		};
		FB3421462AF2C793000C5F5E /* FirebaseAuthCombine-Community */ = {
			isa = XCSwiftPackageProductDependency;
			package = FB3421372AF2C793000C5F5E /* XCRemoteSwiftPackageReference "firebase-ios-sdk" */;
			productName = "FirebaseAuthCombine-Community";
		};
		FB3421482AF2C793000C5F5E /* FirebaseCrashlytics */ = {
			isa = XCSwiftPackageProductDependency;
			package = FB3421372AF2C793000C5F5E /* XCRemoteSwiftPackageReference "firebase-ios-sdk" */;
			productName = FirebaseCrashlytics;
		};
		FB34214A2AF2C793000C5F5E /* FirebaseDatabase */ = {
			isa = XCSwiftPackageProductDependency;
			package = FB3421372AF2C793000C5F5E /* XCRemoteSwiftPackageReference "firebase-ios-sdk" */;
			productName = FirebaseDatabase;
		};
		FB34214C2AF2C793000C5F5E /* FirebaseDatabaseSwift */ = {
			isa = XCSwiftPackageProductDependency;
			package = FB3421372AF2C793000C5F5E /* XCRemoteSwiftPackageReference "firebase-ios-sdk" */;
			productName = FirebaseDatabaseSwift;
		};
		FB34214E2AF2C793000C5F5E /* FirebaseDynamicLinks */ = {
			isa = XCSwiftPackageProductDependency;
			package = FB3421372AF2C793000C5F5E /* XCRemoteSwiftPackageReference "firebase-ios-sdk" */;
			productName = FirebaseDynamicLinks;
		};
		FB3421502AF2C793000C5F5E /* FirebaseFirestore */ = {
			isa = XCSwiftPackageProductDependency;
			package = FB3421372AF2C793000C5F5E /* XCRemoteSwiftPackageReference "firebase-ios-sdk" */;
			productName = FirebaseFirestore;
		};
		FB3421522AF2C793000C5F5E /* FirebaseFirestoreCombine-Community */ = {
			isa = XCSwiftPackageProductDependency;
			package = FB3421372AF2C793000C5F5E /* XCRemoteSwiftPackageReference "firebase-ios-sdk" */;
			productName = "FirebaseFirestoreCombine-Community";
		};
		FB3421542AF2C793000C5F5E /* FirebaseFirestoreSwift */ = {
			isa = XCSwiftPackageProductDependency;
			package = FB3421372AF2C793000C5F5E /* XCRemoteSwiftPackageReference "firebase-ios-sdk" */;
			productName = FirebaseFirestoreSwift;
		};
		FB3421562AF2C793000C5F5E /* FirebaseFunctions */ = {
			isa = XCSwiftPackageProductDependency;
			package = FB3421372AF2C793000C5F5E /* XCRemoteSwiftPackageReference "firebase-ios-sdk" */;
			productName = FirebaseFunctions;
		};
		FB3421582AF2C793000C5F5E /* FirebaseFunctionsCombine-Community */ = {
			isa = XCSwiftPackageProductDependency;
			package = FB3421372AF2C793000C5F5E /* XCRemoteSwiftPackageReference "firebase-ios-sdk" */;
			productName = "FirebaseFunctionsCombine-Community";
		};
		FB34215A2AF2C793000C5F5E /* FirebaseInAppMessaging-Beta */ = {
			isa = XCSwiftPackageProductDependency;
			package = FB3421372AF2C793000C5F5E /* XCRemoteSwiftPackageReference "firebase-ios-sdk" */;
			productName = "FirebaseInAppMessaging-Beta";
		};
		FB34215C2AF2C793000C5F5E /* FirebaseInAppMessagingSwift-Beta */ = {
			isa = XCSwiftPackageProductDependency;
			package = FB3421372AF2C793000C5F5E /* XCRemoteSwiftPackageReference "firebase-ios-sdk" */;
			productName = "FirebaseInAppMessagingSwift-Beta";
		};
		FB34215E2AF2C793000C5F5E /* FirebaseInstallations */ = {
			isa = XCSwiftPackageProductDependency;
			package = FB3421372AF2C793000C5F5E /* XCRemoteSwiftPackageReference "firebase-ios-sdk" */;
			productName = FirebaseInstallations;
		};
		FB3421602AF2C793000C5F5E /* FirebaseMLModelDownloader */ = {
			isa = XCSwiftPackageProductDependency;
			package = FB3421372AF2C793000C5F5E /* XCRemoteSwiftPackageReference "firebase-ios-sdk" */;
			productName = FirebaseMLModelDownloader;
		};
		FB3421622AF2C793000C5F5E /* FirebaseMessaging */ = {
			isa = XCSwiftPackageProductDependency;
			package = FB3421372AF2C793000C5F5E /* XCRemoteSwiftPackageReference "firebase-ios-sdk" */;
			productName = FirebaseMessaging;
		};
		FB3421642AF2C793000C5F5E /* FirebasePerformance */ = {
			isa = XCSwiftPackageProductDependency;
			package = FB3421372AF2C793000C5F5E /* XCRemoteSwiftPackageReference "firebase-ios-sdk" */;
			productName = FirebasePerformance;
		};
		FB3421662AF2C793000C5F5E /* FirebaseRemoteConfig */ = {
			isa = XCSwiftPackageProductDependency;
			package = FB3421372AF2C793000C5F5E /* XCRemoteSwiftPackageReference "firebase-ios-sdk" */;
			productName = FirebaseRemoteConfig;
		};
		FB3421682AF2C793000C5F5E /* FirebaseRemoteConfigSwift */ = {
			isa = XCSwiftPackageProductDependency;
			package = FB3421372AF2C793000C5F5E /* XCRemoteSwiftPackageReference "firebase-ios-sdk" */;
			productName = FirebaseRemoteConfigSwift;
		};
		FB34216A2AF2C793000C5F5E /* FirebaseStorage */ = {
			isa = XCSwiftPackageProductDependency;
			package = FB3421372AF2C793000C5F5E /* XCRemoteSwiftPackageReference "firebase-ios-sdk" */;
			productName = FirebaseStorage;
		};
		FB34216C2AF2C793000C5F5E /* FirebaseStorageCombine-Community */ = {
			isa = XCSwiftPackageProductDependency;
			package = FB3421372AF2C793000C5F5E /* XCRemoteSwiftPackageReference "firebase-ios-sdk" */;
			productName = "FirebaseStorageCombine-Community";
		};
/* End XCSwiftPackageProductDependency section */
	};
	rootObject = 504EC2FC1FED79650016851F /* Project object */;
}
